
Microsoft Visual Studio Solution File, Format Version 12.00
# Visual Studio Version 16
VisualStudioVersion = 16.0.30413.136
MinimumVisualStudioVersion = 10.0.40219.1
Project("{9A19103F-16F7-4668-BE54-9A1E7A4F7556}") = "Bike_EShop.Web", "Bike_EShop.Web\Bike_EShop.Web.csproj", "{12517FD0-B462-4732-B41C-51CFFBF0D327}"
EndProject
Project("{9A19103F-16F7-4668-BE54-9A1E7A4F7556}") = "Bike_EShop.Domain", "Bik_EShop.Domain\Bike_EShop.Domain.csproj", "{7A62497A-7D21-4E98-AEBA-92FC329BAFBE}"
EndProject
Project("{9A19103F-16F7-4668-BE54-9A1E7A4F7556}") = "Bike_EShop.Application", "Bike_EShop.Application\Bike_EShop.Application.csproj", "{D824BB59-D2C0-495D-AD4F-9B47C8D5A830}"
EndProject
Project("{9A19103F-16F7-4668-BE54-9A1E7A4F7556}") = "Bike_EShop.Infrastructure", "Bike_EShop.Infrastructure\Bike_EShop.Infrastructure.csproj", "{8D09826E-392A-4D74-997D-8FAE159553BF}"
EndProject
Project("{9A19103F-16F7-4668-BE54-9A1E7A4F7556}") = "Bike_EShop.TagHelpers", "Bike.EShop.TagHelpers\Bike_EShop.TagHelpers.csproj", "{5D588CF1-5E38-4A66-ACEC-670C4DAC3FCB}"
EndProject
Global
	GlobalSection(SolutionConfigurationPlatforms) = preSolution
		Debug|Any CPU = Debug|Any CPU
		Release|Any CPU = Release|Any CPU
	EndGlobalSection
	GlobalSection(ProjectConfigurationPlatforms) = postSolution
		{12517FD0-B462-4732-B41C-51CFFBF0D327}.Debug|Any CPU.ActiveCfg = Debug|Any CPU
		{12517FD0-B462-4732-B41C-51CFFBF0D327}.Debug|Any CPU.Build.0 = Debug|Any CPU
		{12517FD0-B462-4732-B41C-51CFFBF0D327}.Release|Any CPU.ActiveCfg = Release|Any CPU
		{12517FD0-B462-4732-B41C-51CFFBF0D327}.Release|Any CPU.Build.0 = Release|Any CPU
		{7A62497A-7D21-4E98-AEBA-92FC329BAFBE}.Debug|Any CPU.ActiveCfg = Debug|Any CPU
		{7A62497A-7D21-4E98-AEBA-92FC329BAFBE}.Debug|Any CPU.Build.0 = Debug|Any CPU
		{7A62497A-7D21-4E98-AEBA-92FC329BAFBE}.Release|Any CPU.ActiveCfg = Release|Any CPU
		{7A62497A-7D21-4E98-AEBA-92FC329BAFBE}.Release|Any CPU.Build.0 = Release|Any CPU
		{D824BB59-D2C0-495D-AD4F-9B47C8D5A830}.Debug|Any CPU.ActiveCfg = Debug|Any CPU
		{D824BB59-D2C0-495D-AD4F-9B47C8D5A830}.Debug|Any CPU.Build.0 = Debug|Any CPU
		{D824BB59-D2C0-495D-AD4F-9B47C8D5A830}.Release|Any CPU.ActiveCfg = Release|Any CPU
		{D824BB59-D2C0-495D-AD4F-9B47C8D5A830}.Release|Any CPU.Build.0 = Release|Any CPU
		{8D09826E-392A-4D74-997D-8FAE159553BF}.Debug|Any CPU.ActiveCfg = Debug|Any CPU
		{8D09826E-392A-4D74-997D-8FAE159553BF}.Debug|Any CPU.Build.0 = Debug|Any CPU
		{8D09826E-392A-4D74-997D-8FAE159553BF}.Release|Any CPU.ActiveCfg = Release|Any CPU
		{8D09826E-392A-4D74-997D-8FAE159553BF}.Release|Any CPU.Build.0 = Release|Any CPU
		{5D588CF1-5E38-4A66-ACEC-670C4DAC3FCB}.Debug|Any CPU.ActiveCfg = Debug|Any CPU
		{5D588CF1-5E38-4A66-ACEC-670C4DAC3FCB}.Debug|Any CPU.Build.0 = Debug|Any CPU
		{5D588CF1-5E38-4A66-ACEC-670C4DAC3FCB}.Release|Any CPU.ActiveCfg = Release|Any CPU
		{5D588CF1-5E38-4A66-ACEC-670C4DAC3FCB}.Release|Any CPU.Build.0 = Release|Any CPU
	EndGlobalSection
	GlobalSection(SolutionProperties) = preSolution
		HideSolutionNode = FALSE
	EndGlobalSection
	GlobalSection(ExtensibilityGlobals) = postSolution
		SolutionGuid = {C311F4CF-82F5-4E75-A228-F4D47B378ED0}
	EndGlobalSection
EndGlobal
